[0m[33mRunning apply in HCP Terraform. Output will stream here. Pressing Ctrl-C
will cancel the remote apply if it's still pending. If the apply started it
will stop streaming the logs, but will not stop the apply running remotely.[0m

Preparing the remote apply...
[0m
[0m[33mTo view this run in a browser, visit:[0m
[0m[33mhttps://app.terraform.io/app/sebas_org/devsu-demo/runs/run-vmPfQUuZYUZCRLHf[0m
[0m
Waiting for the plan to start...

Terraform v1.10.5
on linux_amd64
Initializing plugins and modules...
[1mmodule.eks.data.aws_partition.current: Refreshing...[0m[0m
[1mmodule.eks.module.eks_managed_node_group["one"].data.aws_iam_policy_document.assume_role_policy[0]: Refreshing...[0m[0m
[1mmodule.eks.module.eks_managed_node_group["two"].data.aws_partition.current: Refreshing...[0m[0m
[1mmodule.irsa-ebs-csi.data.aws_partition.current: Refreshing...[0m[0m
[1mmodule.eks.module.kms.data.aws_partition.current[0]: Refreshing...[0m[0m
[1mmodule.eks.data.aws_caller_identity.current: Refreshing...[0m[0m
[1mmodule.eks.module.eks_managed_node_group["one"].data.aws_partition.current: Refreshing...[0m[0m
[1mmodule.eks.module.eks_managed_node_group["two"].data.aws_iam_policy_document.assume_role_policy[0]: Refreshing...[0m[0m
[1mmodule.irsa-ebs-csi.data.aws_partition.current: Refresh complete after 0s [id=aws][0m[0m
[1mdata.aws_iam_policy.ebs_csi_policy: Refreshing...[0m[0m
[1mmodule.eks.module.eks_managed_node_group["two"].data.aws_partition.current: Refresh complete after 0s [id=aws][0m[0m
[1mmodule.eks.module.eks_managed_node_group["one"].data.aws_partition.current: Refresh complete after 0s [id=aws][0m[0m
[1mmodule.eks.module.eks_managed_node_group["one"].data.aws_iam_policy_document.assume_role_policy[0]: Refresh complete after 0s [id=2560088296][0m[0m
[1mmodule.eks.data.aws_partition.current: Refresh complete after 0s [id=aws][0m[0m
[1mmodule.eks.module.kms.data.aws_partition.current[0]: Refresh complete after 0s [id=aws][0m[0m
[1mmodule.eks.module.kms.data.aws_caller_identity.current[0]: Refreshing...[0m[0m
[1mdata.aws_availability_zones.available: Refreshing...[0m[0m
[1mmodule.eks.module.eks_managed_node_group["two"].data.aws_caller_identity.current: Refreshing...[0m[0m
[1mmodule.irsa-ebs-csi.data.aws_caller_identity.current: Refreshing...[0m[0m
[1mmodule.eks.module.eks_managed_node_group["two"].data.aws_iam_policy_document.assume_role_policy[0]: Refresh complete after 0s [id=2560088296][0m[0m
[1mmodule.eks.module.eks_managed_node_group["one"].data.aws_caller_identity.current: Refreshing...[0m[0m
[1mmodule.eks.data.aws_iam_policy_document.assume_role_policy[0]: Refreshing...[0m[0m
[1mmodule.eks.data.aws_iam_policy_document.assume_role_policy[0]: Refresh complete after 0s [id=2764486067][0m[0m
[1mmodule.eks.data.aws_caller_identity.current: Refresh complete after 0s [id=888423397167][0m[0m
[1mmodule.eks.data.aws_iam_session_context.current: Refreshing...[0m[0m
[1mmodule.eks.data.aws_iam_session_context.current: Refresh complete after 0s [id=arn:aws:iam::888423397167:user/sebas411iam][0m[0m
[1mdata.aws_iam_policy.ebs_csi_policy: Refresh complete after 0s [id=arn:aws:iam::aws:policy/service-role/AmazonEBSCSIDriverPolicy][0m[0m
[1mmodule.eks.module.eks_managed_node_group["two"].data.aws_caller_identity.current: Refresh complete after 0s [id=888423397167][0m[0m
[1mmodule.eks.module.kms.data.aws_caller_identity.current[0]: Refresh complete after 0s [id=888423397167][0m[0m
[1mmodule.eks.module.eks_managed_node_group["one"].data.aws_caller_identity.current: Refresh complete after 0s [id=888423397167][0m[0m
[1mmodule.irsa-ebs-csi.data.aws_caller_identity.current: Refresh complete after 0s [id=888423397167][0m[0m
[1mdata.aws_availability_zones.available: Refresh complete after 0s [id=us-west-2][0m[0m

Terraform used the selected providers to generate the following execution
plan. Resource actions are indicated with the following symbols:
  [32m+[0m create[0m
 [36m<=[0m read (data resources)[0m

Terraform will perform the following actions:

[1m  # module.eks.data.aws_eks_addon_version.this["aws-ebs-csi-driver"][0m will be read during apply
[0m [36m<=[0m[0m data "aws_eks_addon_version" "this" {
      [32m+[0m[0m addon_name         = "aws-ebs-csi-driver"
      [32m+[0m[0m id                 = (known after apply)
      [32m+[0m[0m kubernetes_version = "1.32"
      [32m+[0m[0m version            = (known after apply)
    }

[1m  # module.eks.data.tls_certificate.this[0][0m will be read during apply
[0m [36m<=[0m[0m data "tls_certificate" "this" {
      [32m+[0m[0m certificates = (known after apply)
      [32m+[0m[0m id           = (known after apply)
      [32m+[0m[0m url          = (known after apply)
    }

[1m  # module.eks.aws_cloudwatch_log_group.this[0][0m will be created
[0m  [32m+[0m[0m resource "aws_cloudwatch_log_group" "this" {
      [32m+[0m[0m arn               = (known after apply)
      [32m+[0m[0m id                = (known after apply)
      [32m+[0m[0m log_group_class   = (known after apply)
      [32m+[0m[0m name              = "/aws/eks/eks-cluster/cluster"
      [32m+[0m[0m name_prefix       = (known after apply)
      [32m+[0m[0m retention_in_days = 90
      [32m+[0m[0m skip_destroy      = false
      [32m+[0m[0m tags              = {
          [32m+[0m[0m "Name" = "/aws/eks/eks-cluster/cluster"
        }
      [32m+[0m[0m tags_all          = {
          [32m+[0m[0m "Name" = "/aws/eks/eks-cluster/cluster"
        }
    }

[1m  # module.eks.aws_eks_access_entry.this["cluster_creator"][0m will be created
[0m  [32m+[0m[0m resource "aws_eks_access_entry" "this" {
      [32m+[0m[0m access_entry_arn  = (known after apply)
      [32m+[0m[0m cluster_name      = "eks-cluster"
      [32m+[0m[0m created_at        = (known after apply)
      [32m+[0m[0m id                = (known after apply)
      [32m+[0m[0m kubernetes_groups = (known after apply)
      [32m+[0m[0m modified_at       = (known after apply)
      [32m+[0m[0m principal_arn     = "arn:aws:iam::888423397167:user/sebas411iam"
      [32m+[0m[0m tags_all          = (known after apply)
      [32m+[0m[0m type              = "STANDARD"
      [32m+[0m[0m user_name         = (known after apply)
    }

[1m  # module.eks.aws_eks_access_policy_association.this["cluster_creator_admin"][0m will be created
[0m  [32m+[0m[0m resource "aws_eks_access_policy_association" "this" {
      [32m+[0m[0m associated_at = (known after apply)
      [32m+[0m[0m cluster_name  = "eks-cluster"
      [32m+[0m[0m id            = (known after apply)
      [32m+[0m[0m modified_at   = (known after apply)
      [32m+[0m[0m policy_arn    = "arn:aws:eks::aws:cluster-access-policy/AmazonEKSClusterAdminPolicy"
      [32m+[0m[0m principal_arn = "arn:aws:iam::888423397167:user/sebas411iam"

      [32m+[0m[0m access_scope {
          [32m+[0m[0m type = "cluster"
        }
    }

[1m  # module.eks.aws_eks_addon.this["aws-ebs-csi-driver"][0m will be created
[0m  [32m+[0m[0m resource "aws_eks_addon" "this" {
      [32m+[0m[0m addon_name                  = "aws-ebs-csi-driver"
      [32m+[0m[0m addon_version               = (known after apply)
      [32m+[0m[0m arn                         = (known after apply)
      [32m+[0m[0m cluster_name                = "eks-cluster"
      [32m+[0m[0m configuration_values        = (known after apply)
      [32m+[0m[0m created_at                  = (known after apply)
      [32m+[0m[0m id                          = (known after apply)
      [32m+[0m[0m modified_at                 = (known after apply)
      [32m+[0m[0m preserve                    = true
      [32m+[0m[0m resolve_conflicts_on_create = "OVERWRITE"
      [32m+[0m[0m resolve_conflicts_on_update = "OVERWRITE"
      [32m+[0m[0m service_account_role_arn    = (known after apply)
      [32m+[0m[0m tags_all                    = (known after apply)

      [32m+[0m[0m timeouts {}
    }

[1m  # module.eks.aws_eks_cluster.this[0][0m will be created
[0m  [32m+[0m[0m resource "aws_eks_cluster" "this" {
      [32m+[0m[0m arn                       = (known after apply)
      [32m+[0m[0m certificate_authority     = (known after apply)
      [32m+[0m[0m cluster_id                = (known after apply)
      [32m+[0m[0m created_at                = (known after apply)
      [32m+[0m[0m enabled_cluster_log_types = [
          [32m+[0m[0m "api",
          [32m+[0m[0m "audit",
          [32m+[0m[0m "authenticator",
        ]
      [32m+[0m[0m endpoint                  = (known after apply)
      [32m+[0m[0m id                        = (known after apply)
      [32m+[0m[0m identity                  = (known after apply)
      [32m+[0m[0m name                      = "eks-cluster"
      [32m+[0m[0m platform_version          = (known after apply)
      [32m+[0m[0m role_arn                  = (known after apply)
      [32m+[0m[0m status                    = (known after apply)
      [32m+[0m[0m tags                      = {
          [32m+[0m[0m "terraform-aws-modules" = "eks"
        }
      [32m+[0m[0m tags_all                  = {
          [32m+[0m[0m "terraform-aws-modules" = "eks"
        }
      [32m+[0m[0m version                   = "1.32"

      [32m+[0m[0m access_config {
          [32m+[0m[0m authentication_mode                         = "API_AND_CONFIG_MAP"
          [32m+[0m[0m bootstrap_cluster_creator_admin_permissions = false
        }

      [32m+[0m[0m encryption_config {
          [32m+[0m[0m resources = [
              [32m+[0m[0m "secrets",
            ]

          [32m+[0m[0m provider {
              [32m+[0m[0m key_arn = (known after apply)
            }
        }

      [32m+[0m[0m kubernetes_network_config {
          [32m+[0m[0m ip_family         = "ipv4"
          [32m+[0m[0m service_ipv4_cidr = (known after apply)
          [32m+[0m[0m service_ipv6_cidr = (known after apply)
        }

      [32m+[0m[0m timeouts {}

      [32m+[0m[0m vpc_config {
          [32m+[0m[0m cluster_security_group_id = (known after apply)
          [32m+[0m[0m endpoint_private_access   = true
          [32m+[0m[0m endpoint_public_access    = true
          [32m+[0m[0m public_access_cidrs       = [
              [32m+[0m[0m "0.0.0.0/0",
            ]
          [32m+[0m[0m security_group_ids        = (known after apply)
          [32m+[0m[0m subnet_ids                = (known after apply)
          [32m+[0m[0m vpc_id                    = (known after apply)
        }
    }

[1m  # module.eks.aws_iam_openid_connect_provider.oidc_provider[0][0m will be created
[0m  [32m+[0m[0m resource "aws_iam_openid_connect_provider" "oidc_provider" {
      [32m+[0m[0m arn             = (known after apply)
      [32m+[0m[0m client_id_list  = [
          [32m+[0m[0m "sts.amazonaws.com",
        ]
      [32m+[0m[0m id              = (known after apply)
      [32m+[0m[0m tags            = {
          [32m+[0m[0m "Name" = "eks-cluster-eks-irsa"
        }
      [32m+[0m[0m tags_all        = {
          [32m+[0m[0m "Name" = "eks-cluster-eks-irsa"
        }
      [32m+[0m[0m thumbprint_list = (known after apply)
      [32m+[0m[0m url             = (known after apply)
    }

[1m  # module.eks.aws_iam_policy.cluster_encryption[0][0m will be created
[0m  [32m+[0m[0m resource "aws_iam_policy" "cluster_encryption" {
      [32m+[0m[0m arn              = (known after apply)
      [32m+[0m[0m attachment_count = (known after apply)
      [32m+[0m[0m description      = "Cluster encryption policy to allow cluster role to utilize CMK provided"
      [32m+[0m[0m id               = (known after apply)
      [32m+[0m[0m name             = (known after apply)
      [32m+[0m[0m name_prefix      = "eks-cluster-cluster-ClusterEncryption"
      [32m+[0m[0m path             = "/"
      [32m+[0m[0m policy           = (known after apply)
      [32m+[0m[0m policy_id        = (known after apply)
      [32m+[0m[0m tags_all         = (known after apply)
    }

[1m  # module.eks.aws_iam_role.this[0][0m will be created
[0m  [32m+[0m[0m resource "aws_iam_role" "this" {
      [32m+[0m[0m arn                   = (known after apply)
      [32m+[0m[0m assume_role_policy    = jsonencode(
            {
              [32m+[0m[0m Statement = [
                  [32m+[0m[0m {
                      [32m+[0m[0m Action    = "sts:AssumeRole"
                      [32m+[0m[0m Effect    = "Allow"
                      [32m+[0m[0m Principal = {
                          [32m+[0m[0m Service = "eks.amazonaws.com"
                        }
                      [32m+[0m[0m Sid       = "EKSClusterAssumeRole"
                    },
                ]
              [32m+[0m[0m Version   = "2012-10-17"
            }
        )
      [32m+[0m[0m create_date           = (known after apply)
      [32m+[0m[0m force_detach_policies = true
      [32m+[0m[0m id                    = (known after apply)
      [32m+[0m[0m managed_policy_arns   = (known after apply)
      [32m+[0m[0m max_session_duration  = 3600
      [32m+[0m[0m name                  = (known after apply)
      [32m+[0m[0m name_prefix           = "eks-cluster-cluster-"
      [32m+[0m[0m path                  = "/"
      [32m+[0m[0m tags_all              = (known after apply)
      [32m+[0m[0m unique_id             = (known after apply)

      [32m+[0m[0m inline_policy {
          [32m+[0m[0m name   = "eks-cluster-cluster"
          [32m+[0m[0m policy = jsonencode(
                {
                  [32m+[0m[0m Statement = [
                      [32m+[0m[0m {
                          [32m+[0m[0m Action   = [
                              [32m+[0m[0m "logs:CreateLogGroup",
                            ]
                          [32m+[0m[0m Effect   = "Deny"
                          [32m+[0m[0m Resource = "*"
                        },
                    ]
                  [32m+[0m[0m Version   = "2012-10-17"
                }
            )
        }
    }

[1m  # module.eks.aws_iam_role_policy_attachment.cluster_encryption[0][0m will be created
[0m  [32m+[0m[0m resource "aws_iam_role_policy_attachment" "cluster_encryption" {
      [32m+[0m[0m id         = (known after apply)
      [32m+[0m[0m policy_arn = (known after apply)
      [32m+[0m[0m role       = (known after apply)
    }

[1m  # module.eks.aws_iam_role_policy_attachment.this["AmazonEKSClusterPolicy"][0m will be created
[0m  [32m+[0m[0m resource "aws_iam_role_policy_attachment" "this" {
      [32m+[0m[0m id         = (known after apply)
      [32m+[0m[0m policy_arn = "arn:aws:iam::aws:policy/AmazonEKSClusterPolicy"
      [32m+[0m[0m role       = (known after apply)
    }

[1m  # module.eks.aws_iam_role_policy_attachment.this["AmazonEKSVPCResourceController"][0m will be created
[0m  [32m+[0m[0m resource "aws_iam_role_policy_attachment" "this" {
      [32m+[0m[0m id         = (known after apply)
      [32m+[0m[0m policy_arn = "arn:aws:iam::aws:policy/AmazonEKSVPCResourceController"
      [32m+[0m[0m role       = (known after apply)
    }

[1m  # module.eks.aws_security_group.cluster[0][0m will be created
[0m  [32m+[0m[0m resource "aws_security_group" "cluster" {
      [32m+[0m[0m arn                    = (known after apply)
      [32m+[0m[0m description            = "EKS cluster security group"
      [32m+[0m[0m egress                 = (known after apply)
      [32m+[0m[0m id                     = (known after apply)
      [32m+[0m[0m ingress                = (known after apply)
      [32m+[0m[0m name                   = (known after apply)
      [32m+[0m[0m name_prefix            = "eks-cluster-cluster-"
      [32m+[0m[0m owner_id               = (known after apply)
      [32m+[0m[0m revoke_rules_on_delete = false
      [32m+[0m[0m tags                   = {
          [32m+[0m[0m "Name" = "eks-cluster-cluster"
        }
      [32m+[0m[0m tags_all               = {
          [32m+[0m[0m "Name" = "eks-cluster-cluster"
        }
      [32m+[0m[0m vpc_id                 = (known after apply)
    }

[1m  # module.eks.aws_security_group.node[0][0m will be created
[0m  [32m+[0m[0m resource "aws_security_group" "node" {
      [32m+[0m[0m arn                    = (known after apply)
      [32m+[0m[0m description            = "EKS node shared security group"
      [32m+[0m[0m egress                 = (known after apply)
      [32m+[0m[0m id                     = (known after apply)
      [32m+[0m[0m ingress                = (known after apply)
      [32m+[0m[0m name                   = (known after apply)
      [32m+[0m[0m name_prefix            = "eks-cluster-node-"
      [32m+[0m[0m owner_id               = (known after apply)
      [32m+[0m[0m revoke_rules_on_delete = false
      [32m+[0m[0m tags                   = {
          [32m+[0m[0m "Name"                              = "eks-cluster-node"
          [32m+[0m[0m "kubernetes.io/cluster/eks-cluster" = "owned"
        }
      [32m+[0m[0m tags_all               = {
          [32m+[0m[0m "Name"                              = "eks-cluster-node"
          [32m+[0m[0m "kubernetes.io/cluster/eks-cluster" = "owned"
        }
      [32m+[0m[0m vpc_id                 = (known after apply)
    }

[1m  # module.eks.aws_security_group_rule.cluster["ingress_nodes_443"][0m will be created
[0m  [32m+[0m[0m resource "aws_security_group_rule" "cluster" {
      [32m+[0m[0m description              = "Node groups to cluster API"
      [32m+[0m[0m from_port                = 443
      [32m+[0m[0m id                       = (known after apply)
      [32m+[0m[0m protocol                 = "tcp"
      [32m+[0m[0m security_group_id        = (known after apply)
      [32m+[0m[0m security_group_rule_id   = (known after apply)
      [32m+[0m[0m self                     = false
      [32m+[0m[0m source_security_group_id = (known after apply)
      [32m+[0m[0m to_port                  = 443
      [32m+[0m[0m type                     = "ingress"
    }

[1m  # module.eks.aws_security_group_rule.node["egress_all"][0m will be created
[0m  [32m+[0m[0m resource "aws_security_group_rule" "node" {
      [32m+[0m[0m cidr_blocks              = [
          [32m+[0m[0m "0.0.0.0/0",
        ]
      [32m+[0m[0m description              = "Allow all egress"
      [32m+[0m[0m from_port                = 0
      [32m+[0m[0m id                       = (known after apply)
      [32m+[0m[0m prefix_list_ids          = []
      [32m+[0m[0m protocol                 = "-1"
      [32m+[0m[0m security_group_id        = (known after apply)
      [32m+[0m[0m security_group_rule_id   = (known after apply)
      [32m+[0m[0m self                     = false
      [32m+[0m[0m source_security_group_id = (known after apply)
      [32m+[0m[0m to_port                  = 0
      [32m+[0m[0m type                     = "egress"
    }

[1m  # module.eks.aws_security_group_rule.node["ingress_cluster_443"][0m will be created
[0m  [32m+[0m[0m resource "aws_security_group_rule" "node" {
      [32m+[0m[0m description              = "Cluster API to node groups"
      [32m+[0m[0m from_port                = 443
      [32m+[0m[0m id                       = (known after apply)
      [32m+[0m[0m prefix_list_ids          = []
      [32m+[0m[0m protocol                 = "tcp"
      [32m+[0m[0m security_group_id        = (known after apply)
      [32m+[0m[0m security_group_rule_id   = (known after apply)
      [32m+[0m[0m self                     = false
      [32m+[0m[0m source_security_group_id = (known after apply)
      [32m+[0m[0m to_port                  = 443
      [32m+[0m[0m type                     = "ingress"
    }

[1m  # module.eks.aws_security_group_rule.node["ingress_cluster_4443_webhook"][0m will be created
[0m  [32m+[0m[0m resource "aws_security_group_rule" "node" {
      [32m+[0m[0m description              = "Cluster API to node 4443/tcp webhook"
      [32m+[0m[0m from_port                = 4443
      [32m+[0m[0m id                       = (known after apply)
      [32m+[0m[0m prefix_list_ids          = []
      [32m+[0m[0m protocol                 = "tcp"
      [32m+[0m[0m security_group_id        = (known after apply)
      [32m+[0m[0m security_group_rule_id   = (known after apply)
      [32m+[0m[0m self                     = false
      [32m+[0m[0m source_security_group_id = (known after apply)
      [32m+[0m[0m to_port                  = 4443
      [32m+[0m[0m type                     = "ingress"
    }

[1m  # module.eks.aws_security_group_rule.node["ingress_cluster_6443_webhook"][0m will be created
[0m  [32m+[0m[0m resource "aws_security_group_rule" "node" {
      [32m+[0m[0m description              = "Cluster API to node 6443/tcp webhook"
      [32m+[0m[0m from_port                = 6443
      [32m+[0m[0m id                       = (known after apply)
      [32m+[0m[0m prefix_list_ids          = []
      [32m+[0m[0m protocol                 = "tcp"
      [32m+[0m[0m security_group_id        = (known after apply)
      [32m+[0m[0m security_group_rule_id   = (known after apply)
      [32m+[0m[0m self                     = false
      [32m+[0m[0m source_security_group_id = (known after apply)
      [32m+[0m[0m to_port                  = 6443
      [32m+[0m[0m type                     = "ingress"
    }

[1m  # module.eks.aws_security_group_rule.node["ingress_cluster_8443_webhook"][0m will be created
[0m  [32m+[0m[0m resource "aws_security_group_rule" "node" {
      [32m+[0m[0m description              = "Cluster API to node 8443/tcp webhook"
      [32m+[0m[0m from_port                = 8443
      [32m+[0m[0m id                       = (known after apply)
      [32m+[0m[0m prefix_list_ids          = []
      [32m+[0m[0m protocol                 = "tcp"
      [32m+[0m[0m security_group_id        = (known after apply)
      [32m+[0m[0m security_group_rule_id   = (known after apply)
      [32m+[0m[0m self                     = false
      [32m+[0m[0m source_security_group_id = (known after apply)
      [32m+[0m[0m to_port                  = 8443
      [32m+[0m[0m type                     = "ingress"
    }

[1m  # module.eks.aws_security_group_rule.node["ingress_cluster_9443_webhook"][0m will be created
[0m  [32m+[0m[0m resource "aws_security_group_rule" "node" {
      [32m+[0m[0m description              = "Cluster API to node 9443/tcp webhook"
      [32m+[0m[0m from_port                = 9443
      [32m+[0m[0m id                       = (known after apply)
      [32m+[0m[0m prefix_list_ids          = []
      [32m+[0m[0m protocol                 = "tcp"
      [32m+[0m[0m security_group_id        = (known after apply)
      [32m+[0m[0m security_group_rule_id   = (known after apply)
      [32m+[0m[0m self                     = false
      [32m+[0m[0m source_security_group_id = (known after apply)
      [32m+[0m[0m to_port                  = 9443
      [32m+[0m[0m type                     = "ingress"
    }

[1m  # module.eks.aws_security_group_rule.node["ingress_cluster_kubelet"][0m will be created
[0m  [32m+[0m[0m resource "aws_security_group_rule" "node" {
      [32m+[0m[0m description              = "Cluster API to node kubelets"
      [32m+[0m[0m from_port                = 10250
      [32m+[0m[0m id                       = (known after apply)
      [32m+[0m[0m prefix_list_ids          = []
      [32m+[0m[0m protocol                 = "tcp"
      [32m+[0m[0m security_group_id        = (known after apply)
      [32m+[0m[0m security_group_rule_id   = (known after apply)
      [32m+[0m[0m self                     = false
      [32m+[0m[0m source_security_group_id = (known after apply)
      [32m+[0m[0m to_port                  = 10250
      [32m+[0m[0m type                     = "ingress"
    }

[1m  # module.eks.aws_security_group_rule.node["ingress_nodes_ephemeral"][0m will be created
[0m  [32m+[0m[0m resource "aws_security_group_rule" "node" {
      [32m+[0m[0m description              = "Node to node ingress on ephemeral ports"
      [32m+[0m[0m from_port                = 1025
      [32m+[0m[0m id                       = (known after apply)
      [32m+[0m[0m prefix_list_ids          = []
      [32m+[0m[0m protocol                 = "tcp"
      [32m+[0m[0m security_group_id        = (known after apply)
      [32m+[0m[0m security_group_rule_id   = (known after apply)
      [32m+[0m[0m self                     = true
      [32m+[0m[0m source_security_group_id = (known after apply)
      [32m+[0m[0m to_port                  = 65535
      [32m+[0m[0m type                     = "ingress"
    }

[1m  # module.eks.aws_security_group_rule.node["ingress_self_coredns_tcp"][0m will be created
[0m  [32m+[0m[0m resource "aws_security_group_rule" "node" {
      [32m+[0m[0m description              = "Node to node CoreDNS"
      [32m+[0m[0m from_port                = 53
      [32m+[0m[0m id                       = (known after apply)
      [32m+[0m[0m prefix_list_ids          = []
      [32m+[0m[0m protocol                 = "tcp"
      [32m+[0m[0m security_group_id        = (known after apply)
      [32m+[0m[0m security_group_rule_id   = (known after apply)
      [32m+[0m[0m self                     = true
      [32m+[0m[0m source_security_group_id = (known after apply)
      [32m+[0m[0m to_port                  = 53
      [32m+[0m[0m type                     = "ingress"
    }

[1m  # module.eks.aws_security_group_rule.node["ingress_self_coredns_udp"][0m will be created
[0m  [32m+[0m[0m resource "aws_security_group_rule" "node" {
      [32m+[0m[0m description              = "Node to node CoreDNS UDP"
      [32m+[0m[0m from_port                = 53
      [32m+[0m[0m id                       = (known after apply)
      [32m+[0m[0m prefix_list_ids          = []
      [32m+[0m[0m protocol                 = "udp"
      [32m+[0m[0m security_group_id        = (known after apply)
      [32m+[0m[0m security_group_rule_id   = (known after apply)
      [32m+[0m[0m self                     = true
      [32m+[0m[0m source_security_group_id = (known after apply)
      [32m+[0m[0m to_port                  = 53
      [32m+[0m[0m type                     = "ingress"
    }

[1m  # module.eks.time_sleep.this[0][0m will be created
[0m  [32m+[0m[0m resource "time_sleep" "this" {
      [32m+[0m[0m create_duration = "30s"
      [32m+[0m[0m id              = (known after apply)
      [32m+[0m[0m triggers        = {
          [32m+[0m[0m "cluster_certificate_authority_data" = (known after apply)
          [32m+[0m[0m "cluster_endpoint"                   = (known after apply)
          [32m+[0m[0m "cluster_name"                       = "eks-cluster"
          [32m+[0m[0m "cluster_service_cidr"               = (known after apply)
          [32m+[0m[0m "cluster_version"                    = "1.32"
        }
    }

[1m  # module.irsa-ebs-csi.data.aws_iam_policy_document.assume_role_with_oidc[0][0m will be read during apply
[0m [36m<=[0m[0m data "aws_iam_policy_document" "assume_role_with_oidc" {
      [32m+[0m[0m id   = (known after apply)
      [32m+[0m[0m json = (known after apply)

      [32m+[0m[0m statement (known after apply)
    }

[1m  # module.irsa-ebs-csi.aws_iam_role.this[0][0m will be created
[0m  [32m+[0m[0m resource "aws_iam_role" "this" {
      [32m+[0m[0m arn                   = (known after apply)
      [32m+[0m[0m assume_role_policy    = (known after apply)
      [32m+[0m[0m create_date           = (known after apply)
      [32m+[0m[0m force_detach_policies = false
      [32m+[0m[0m id                    = (known after apply)
      [32m+[0m[0m managed_policy_arns   = (known after apply)
      [32m+[0m[0m max_session_duration  = 3600
      [32m+[0m[0m name                  = "AmazonEKSTFEBSCSIRole-eks-cluster"
      [32m+[0m[0m name_prefix           = (known after apply)
      [32m+[0m[0m path                  = "/"
      [32m+[0m[0m tags_all              = (known after apply)
      [32m+[0m[0m unique_id             = (known after apply)
        [90m# (2 unchanged attributes hidden)[0m[0m

      [32m+[0m[0m inline_policy (known after apply)
    }

[1m  # module.irsa-ebs-csi.aws_iam_role_policy_attachment.custom[0][0m will be created
[0m  [32m+[0m[0m resource "aws_iam_role_policy_attachment" "custom" {
      [32m+[0m[0m id         = (known after apply)
      [32m+[0m[0m policy_arn = "arn:aws:iam::aws:policy/service-role/AmazonEBSCSIDriverPolicy"
      [32m+[0m[0m role       = "AmazonEKSTFEBSCSIRole-eks-cluster"
    }

[1m  # module.vpc.aws_default_network_acl.this[0][0m will be created
[0m  [32m+[0m[0m resource "aws_default_network_acl" "this" {
      [32m+[0m[0m arn                    = (known after apply)
      [32m+[0m[0m default_network_acl_id = (known after apply)
      [32m+[0m[0m id                     = (known after apply)
      [32m+[0m[0m owner_id               = (known after apply)
      [32m+[0m[0m tags                   = {
          [32m+[0m[0m "Name" = "devsu-vpc-default"
        }
      [32m+[0m[0m tags_all               = {
          [32m+[0m[0m "Name" = "devsu-vpc-default"
        }
      [32m+[0m[0m vpc_id                 = (known after apply)

      [32m+[0m[0m egress {
          [32m+[0m[0m action          = "allow"
          [32m+[0m[0m from_port       = 0
          [32m+[0m[0m ipv6_cidr_block = "::/0"
          [32m+[0m[0m protocol        = "-1"
          [32m+[0m[0m rule_no         = 101
          [32m+[0m[0m to_port         = 0
            [90m# (1 unchanged attribute hidden)[0m[0m
        }
      [32m+[0m[0m egress {
          [32m+[0m[0m action          = "allow"
          [32m+[0m[0m cidr_block      = "0.0.0.0/0"
          [32m+[0m[0m from_port       = 0
          [32m+[0m[0m protocol        = "-1"
          [32m+[0m[0m rule_no         = 100
          [32m+[0m[0m to_port         = 0
            [90m# (1 unchanged attribute hidden)[0m[0m
        }

      [32m+[0m[0m ingress {
          [32m+[0m[0m action          = "allow"
          [32m+[0m[0m from_port       = 0
          [32m+[0m[0m ipv6_cidr_block = "::/0"
          [32m+[0m[0m protocol        = "-1"
          [32m+[0m[0m rule_no         = 101
          [32m+[0m[0m to_port         = 0
            [90m# (1 unchanged attribute hidden)[0m[0m
        }
      [32m+[0m[0m ingress {
          [32m+[0m[0m action          = "allow"
          [32m+[0m[0m cidr_block      = "0.0.0.0/0"
          [32m+[0m[0m from_port       = 0
          [32m+[0m[0m protocol        = "-1"
          [32m+[0m[0m rule_no         = 100
          [32m+[0m[0m to_port         = 0
            [90m# (1 unchanged attribute hidden)[0m[0m
        }
    }

[1m  # module.vpc.aws_default_route_table.default[0][0m will be created
[0m  [32m+[0m[0m resource "aws_default_route_table" "default" {
      [32m+[0m[0m arn                    = (known after apply)
      [32m+[0m[0m default_route_table_id = (known after apply)
      [32m+[0m[0m id                     = (known after apply)
      [32m+[0m[0m owner_id               = (known after apply)
      [32m+[0m[0m route                  = (known after apply)
      [32m+[0m[0m tags                   = {
          [32m+[0m[0m "Name" = "devsu-vpc-default"
        }
      [32m+[0m[0m tags_all               = {
          [32m+[0m[0m "Name" = "devsu-vpc-default"
        }
      [32m+[0m[0m vpc_id                 = (known after apply)

      [32m+[0m[0m timeouts {
          [32m+[0m[0m create = "5m"
          [32m+[0m[0m update = "5m"
        }
    }

[1m  # module.vpc.aws_default_security_group.this[0][0m will be created
[0m  [32m+[0m[0m resource "aws_default_security_group" "this" {
      [32m+[0m[0m arn                    = (known after apply)
      [32m+[0m[0m description            = (known after apply)
      [32m+[0m[0m egress                 = (known after apply)
      [32m+[0m[0m id                     = (known after apply)
      [32m+[0m[0m ingress                = (known after apply)
      [32m+[0m[0m name                   = (known after apply)
      [32m+[0m[0m name_prefix            = (known after apply)
      [32m+[0m[0m owner_id               = (known after apply)
      [32m+[0m[0m revoke_rules_on_delete = false
      [32m+[0m[0m tags                   = {
          [32m+[0m[0m "Name" = "devsu-vpc-default"
        }
      [32m+[0m[0m tags_all               = {
          [32m+[0m[0m "Name" = "devsu-vpc-default"
        }
      [32m+[0m[0m vpc_id                 = (known after apply)
    }

[1m  # module.vpc.aws_eip.nat[0][0m will be created
[0m  [32m+[0m[0m resource "aws_eip" "nat" {
      [32m+[0m[0m allocation_id        = (known after apply)
      [32m+[0m[0m arn                  = (known after apply)
      [32m+[0m[0m association_id       = (known after apply)
      [32m+[0m[0m carrier_ip           = (known after apply)
      [32m+[0m[0m customer_owned_ip    = (known after apply)
      [32m+[0m[0m domain               = "vpc"
      [32m+[0m[0m id                   = (known after apply)
      [32m+[0m[0m instance             = (known after apply)
      [32m+[0m[0m network_border_group = (known after apply)
      [32m+[0m[0m network_interface    = (known after apply)
      [32m+[0m[0m private_dns          = (known after apply)
      [32m+[0m[0m private_ip           = (known after apply)
      [32m+[0m[0m ptr_record           = (known after apply)
      [32m+[0m[0m public_dns           = (known after apply)
      [32m+[0m[0m public_ip            = (known after apply)
      [32m+[0m[0m public_ipv4_pool     = (known after apply)
      [32m+[0m[0m tags                 = {
          [32m+[0m[0m "Name" = "devsu-vpc-us-west-2a"
        }
      [32m+[0m[0m tags_all             = {
          [32m+[0m[0m "Name" = "devsu-vpc-us-west-2a"
        }
      [32m+[0m[0m vpc                  = (known after apply)
    }

[1m  # module.vpc.aws_internet_gateway.this[0][0m will be created
[0m  [32m+[0m[0m resource "aws_internet_gateway" "this" {
      [32m+[0m[0m arn      = (known after apply)
      [32m+[0m[0m id       = (known after apply)
      [32m+[0m[0m owner_id = (known after apply)
      [32m+[0m[0m tags     = {
          [32m+[0m[0m "Name" = "devsu-vpc"
        }
      [32m+[0m[0m tags_all = {
          [32m+[0m[0m "Name" = "devsu-vpc"
        }
      [32m+[0m[0m vpc_id   = (known after apply)
    }

[1m  # module.vpc.aws_nat_gateway.this[0][0m will be created
[0m  [32m+[0m[0m resource "aws_nat_gateway" "this" {
      [32m+[0m[0m allocation_id                      = (known after apply)
      [32m+[0m[0m association_id                     = (known after apply)
      [32m+[0m[0m connectivity_type                  = "public"
      [32m+[0m[0m id                                 = (known after apply)
      [32m+[0m[0m network_interface_id               = (known after apply)
      [32m+[0m[0m private_ip                         = (known after apply)
      [32m+[0m[0m public_ip                          = (known after apply)
      [32m+[0m[0m secondary_private_ip_address_count = (known after apply)
      [32m+[0m[0m secondary_private_ip_addresses     = (known after apply)
      [32m+[0m[0m subnet_id                          = (known after apply)
      [32m+[0m[0m tags                               = {
          [32m+[0m[0m "Name" = "devsu-vpc-us-west-2a"
        }
      [32m+[0m[0m tags_all                           = {
          [32m+[0m[0m "Name" = "devsu-vpc-us-west-2a"
        }
    }

[1m  # module.vpc.aws_route.private_nat_gateway[0][0m will be created
[0m  [32m+[0m[0m resource "aws_route" "private_nat_gateway" {
      [32m+[0m[0m destination_cidr_block = "0.0.0.0/0"
      [32m+[0m[0m id                     = (known after apply)
      [32m+[0m[0m instance_id            = (known after apply)
      [32m+[0m[0m instance_owner_id      = (known after apply)
      [32m+[0m[0m nat_gateway_id         = (known after apply)
      [32m+[0m[0m network_interface_id   = (known after apply)
      [32m+[0m[0m origin                 = (known after apply)
      [32m+[0m[0m route_table_id         = (known after apply)
      [32m+[0m[0m state                  = (known after apply)

      [32m+[0m[0m timeouts {
          [32m+[0m[0m create = "5m"
        }
    }

[1m  # module.vpc.aws_route.public_internet_gateway[0][0m will be created
[0m  [32m+[0m[0m resource "aws_route" "public_internet_gateway" {
      [32m+[0m[0m destination_cidr_block = "0.0.0.0/0"
      [32m+[0m[0m gateway_id             = (known after apply)
      [32m+[0m[0m id                     = (known after apply)
      [32m+[0m[0m instance_id            = (known after apply)
      [32m+[0m[0m instance_owner_id      = (known after apply)
      [32m+[0m[0m network_interface_id   = (known after apply)
      [32m+[0m[0m origin                 = (known after apply)
      [32m+[0m[0m route_table_id         = (known after apply)
      [32m+[0m[0m state                  = (known after apply)

      [32m+[0m[0m timeouts {
          [32m+[0m[0m create = "5m"
        }
    }

[1m  # module.vpc.aws_route_table.private[0][0m will be created
[0m  [32m+[0m[0m resource "aws_route_table" "private" {
      [32m+[0m[0m arn              = (known after apply)
      [32m+[0m[0m id               = (known after apply)
      [32m+[0m[0m owner_id         = (known after apply)
      [32m+[0m[0m propagating_vgws = (known after apply)
      [32m+[0m[0m route            = (known after apply)
      [32m+[0m[0m tags             = {
          [32m+[0m[0m "Name" = "devsu-vpc-private"
        }
      [32m+[0m[0m tags_all         = {
          [32m+[0m[0m "Name" = "devsu-vpc-private"
        }
      [32m+[0m[0m vpc_id           = (known after apply)
    }

[1m  # module.vpc.aws_route_table.public[0][0m will be created
[0m  [32m+[0m[0m resource "aws_route_table" "public" {
      [32m+[0m[0m arn              = (known after apply)
      [32m+[0m[0m id               = (known after apply)
      [32m+[0m[0m owner_id         = (known after apply)
      [32m+[0m[0m propagating_vgws = (known after apply)
      [32m+[0m[0m route            = (known after apply)
      [32m+[0m[0m tags             = {
          [32m+[0m[0m "Name" = "devsu-vpc-public"
        }
      [32m+[0m[0m tags_all         = {
          [32m+[0m[0m "Name" = "devsu-vpc-public"
        }
      [32m+[0m[0m vpc_id           = (known after apply)
    }

[1m  # module.vpc.aws_route_table_association.private[0][0m will be created
[0m  [32m+[0m[0m resource "aws_route_table_association" "private" {
      [32m+[0m[0m id             = (known after apply)
      [32m+[0m[0m route_table_id = (known after apply)
      [32m+[0m[0m subnet_id      = (known after apply)
    }

[1m  # module.vpc.aws_route_table_association.private[1][0m will be created
[0m  [32m+[0m[0m resource "aws_route_table_association" "private" {
      [32m+[0m[0m id             = (known after apply)
      [32m+[0m[0m route_table_id = (known after apply)
      [32m+[0m[0m subnet_id      = (known after apply)
    }

[1m  # module.vpc.aws_route_table_association.private[2][0m will be created
[0m  [32m+[0m[0m resource "aws_route_table_association" "private" {
      [32m+[0m[0m id             = (known after apply)
      [32m+[0m[0m route_table_id = (known after apply)
      [32m+[0m[0m subnet_id      = (known after apply)
    }

[1m  # module.vpc.aws_route_table_association.public[0][0m will be created
[0m  [32m+[0m[0m resource "aws_route_table_association" "public" {
      [32m+[0m[0m id             = (known after apply)
      [32m+[0m[0m route_table_id = (known after apply)
      [32m+[0m[0m subnet_id      = (known after apply)
    }

[1m  # module.vpc.aws_route_table_association.public[1][0m will be created
[0m  [32m+[0m[0m resource "aws_route_table_association" "public" {
      [32m+[0m[0m id             = (known after apply)
      [32m+[0m[0m route_table_id = (known after apply)
      [32m+[0m[0m subnet_id      = (known after apply)
    }

[1m  # module.vpc.aws_route_table_association.public[2][0m will be created
[0m  [32m+[0m[0m resource "aws_route_table_association" "public" {
      [32m+[0m[0m id             = (known after apply)
      [32m+[0m[0m route_table_id = (known after apply)
      [32m+[0m[0m subnet_id      = (known after apply)
    }

[1m  # module.vpc.aws_subnet.private[0][0m will be created
[0m  [32m+[0m[0m resource "aws_subnet" "private" {
      [32m+[0m[0m arn                                            = (known after apply)
      [32m+[0m[0m assign_ipv6_address_on_creation                = false
      [32m+[0m[0m availability_zone                              = "us-west-2a"
      [32m+[0m[0m availability_zone_id                           = (known after apply)
      [32m+[0m[0m cidr_block                                     = "10.0.1.0/24"
      [32m+[0m[0m enable_dns64                                   = false
      [32m+[0m[0m enable_resource_name_dns_a_record_on_launch    = false
      [32m+[0m[0m enable_resource_name_dns_aaaa_record_on_launch = false
      [32m+[0m[0m id                                             = (known after apply)
      [32m+[0m[0m ipv6_cidr_block_association_id                 = (known after apply)
      [32m+[0m[0m ipv6_native                                    = false
      [32m+[0m[0m map_public_ip_on_launch                        = false
      [32m+[0m[0m owner_id                                       = (known after apply)
      [32m+[0m[0m private_dns_hostname_type_on_launch            = (known after apply)
      [32m+[0m[0m tags                                           = {
          [32m+[0m[0m "Name"                            = "devsu-vpc-private-us-west-2a"
          [32m+[0m[0m "kubernetes.io/role/internal-elb" = "1"
        }
      [32m+[0m[0m tags_all                                       = {
          [32m+[0m[0m "Name"                            = "devsu-vpc-private-us-west-2a"
          [32m+[0m[0m "kubernetes.io/role/internal-elb" = "1"
        }
      [32m+[0m[0m vpc_id                                         = (known after apply)
    }

[1m  # module.vpc.aws_subnet.private[1][0m will be created
[0m  [32m+[0m[0m resource "aws_subnet" "private" {
      [32m+[0m[0m arn                                            = (known after apply)
      [32m+[0m[0m assign_ipv6_address_on_creation                = false
      [32m+[0m[0m availability_zone                              = "us-west-2b"
      [32m+[0m[0m availability_zone_id                           = (known after apply)
      [32m+[0m[0m cidr_block                                     = "10.0.2.0/24"
      [32m+[0m[0m enable_dns64                                   = false
      [32m+[0m[0m enable_resource_name_dns_a_record_on_launch    = false
      [32m+[0m[0m enable_resource_name_dns_aaaa_record_on_launch = false
      [32m+[0m[0m id                                             = (known after apply)
      [32m+[0m[0m ipv6_cidr_block_association_id                 = (known after apply)
      [32m+[0m[0m ipv6_native                                    = false
      [32m+[0m[0m map_public_ip_on_launch                        = false
      [32m+[0m[0m owner_id                                       = (known after apply)
      [32m+[0m[0m private_dns_hostname_type_on_launch            = (known after apply)
      [32m+[0m[0m tags                                           = {
          [32m+[0m[0m "Name"                            = "devsu-vpc-private-us-west-2b"
          [32m+[0m[0m "kubernetes.io/role/internal-elb" = "1"
        }
      [32m+[0m[0m tags_all                                       = {
          [32m+[0m[0m "Name"                            = "devsu-vpc-private-us-west-2b"
          [32m+[0m[0m "kubernetes.io/role/internal-elb" = "1"
        }
      [32m+[0m[0m vpc_id                                         = (known after apply)
    }

[1m  # module.vpc.aws_subnet.private[2][0m will be created
[0m  [32m+[0m[0m resource "aws_subnet" "private" {
      [32m+[0m[0m arn                                            = (known after apply)
      [32m+[0m[0m assign_ipv6_address_on_creation                = false
      [32m+[0m[0m availability_zone                              = "us-west-2c"
      [32m+[0m[0m availability_zone_id                           = (known after apply)
      [32m+[0m[0m cidr_block                                     = "10.0.3.0/24"
      [32m+[0m[0m enable_dns64                                   = false
      [32m+[0m[0m enable_resource_name_dns_a_record_on_launch    = false
      [32m+[0m[0m enable_resource_name_dns_aaaa_record_on_launch = false
      [32m+[0m[0m id                                             = (known after apply)
      [32m+[0m[0m ipv6_cidr_block_association_id                 = (known after apply)
      [32m+[0m[0m ipv6_native                                    = false
      [32m+[0m[0m map_public_ip_on_launch                        = false
      [32m+[0m[0m owner_id                                       = (known after apply)
      [32m+[0m[0m private_dns_hostname_type_on_launch            = (known after apply)
      [32m+[0m[0m tags                                           = {
          [32m+[0m[0m "Name"                            = "devsu-vpc-private-us-west-2c"
          [32m+[0m[0m "kubernetes.io/role/internal-elb" = "1"
        }
      [32m+[0m[0m tags_all                                       = {
          [32m+[0m[0m "Name"                            = "devsu-vpc-private-us-west-2c"
          [32m+[0m[0m "kubernetes.io/role/internal-elb" = "1"
        }
      [32m+[0m[0m vpc_id                                         = (known after apply)
    }

[1m  # module.vpc.aws_subnet.public[0][0m will be created
[0m  [32m+[0m[0m resource "aws_subnet" "public" {
      [32m+[0m[0m arn                                            = (known after apply)
      [32m+[0m[0m assign_ipv6_address_on_creation                = false
      [32m+[0m[0m availability_zone                              = "us-west-2a"
      [32m+[0m[0m availability_zone_id                           = (known after apply)
      [32m+[0m[0m cidr_block                                     = "10.0.4.0/24"
      [32m+[0m[0m enable_dns64                                   = false
      [32m+[0m[0m enable_resource_name_dns_a_record_on_launch    = false
      [32m+[0m[0m enable_resource_name_dns_aaaa_record_on_launch = false
      [32m+[0m[0m id                                             = (known after apply)
      [32m+[0m[0m ipv6_cidr_block_association_id                 = (known after apply)
      [32m+[0m[0m ipv6_native                                    = false
      [32m+[0m[0m map_public_ip_on_launch                        = false
      [32m+[0m[0m owner_id                                       = (known after apply)
      [32m+[0m[0m private_dns_hostname_type_on_launch            = (known after apply)
      [32m+[0m[0m tags                                           = {
          [32m+[0m[0m "Name"                   = "devsu-vpc-public-us-west-2a"
          [32m+[0m[0m "kubernetes.io/role/elb" = "1"
        }
      [32m+[0m[0m tags_all                                       = {
          [32m+[0m[0m "Name"                   = "devsu-vpc-public-us-west-2a"
          [32m+[0m[0m "kubernetes.io/role/elb" = "1"
        }
      [32m+[0m[0m vpc_id                                         = (known after apply)
    }

[1m  # module.vpc.aws_subnet.public[1][0m will be created
[0m  [32m+[0m[0m resource "aws_subnet" "public" {
      [32m+[0m[0m arn                                            = (known after apply)
      [32m+[0m[0m assign_ipv6_address_on_creation                = false
      [32m+[0m[0m availability_zone                              = "us-west-2b"
      [32m+[0m[0m availability_zone_id                           = (known after apply)
      [32m+[0m[0m cidr_block                                     = "10.0.5.0/24"
      [32m+[0m[0m enable_dns64                                   = false
      [32m+[0m[0m enable_resource_name_dns_a_record_on_launch    = false
      [32m+[0m[0m enable_resource_name_dns_aaaa_record_on_launch = false
      [32m+[0m[0m id                                             = (known after apply)
      [32m+[0m[0m ipv6_cidr_block_association_id                 = (known after apply)
      [32m+[0m[0m ipv6_native                                    = false
      [32m+[0m[0m map_public_ip_on_launch                        = false
      [32m+[0m[0m owner_id                                       = (known after apply)
      [32m+[0m[0m private_dns_hostname_type_on_launch            = (known after apply)
      [32m+[0m[0m tags                                           = {
          [32m+[0m[0m "Name"                   = "devsu-vpc-public-us-west-2b"
          [32m+[0m[0m "kubernetes.io/role/elb" = "1"
        }
      [32m+[0m[0m tags_all                                       = {
          [32m+[0m[0m "Name"                   = "devsu-vpc-public-us-west-2b"
          [32m+[0m[0m "kubernetes.io/role/elb" = "1"
        }
      [32m+[0m[0m vpc_id                                         = (known after apply)
    }

[1m  # module.vpc.aws_subnet.public[2][0m will be created
[0m  [32m+[0m[0m resource "aws_subnet" "public" {
      [32m+[0m[0m arn                                            = (known after apply)
      [32m+[0m[0m assign_ipv6_address_on_creation                = false
      [32m+[0m[0m availability_zone                              = "us-west-2c"
      [32m+[0m[0m availability_zone_id                           = (known after apply)
      [32m+[0m[0m cidr_block                                     = "10.0.6.0/24"
      [32m+[0m[0m enable_dns64                                   = false
      [32m+[0m[0m enable_resource_name_dns_a_record_on_launch    = false
      [32m+[0m[0m enable_resource_name_dns_aaaa_record_on_launch = false
      [32m+[0m[0m id                                             = (known after apply)
      [32m+[0m[0m ipv6_cidr_block_association_id                 = (known after apply)
      [32m+[0m[0m ipv6_native                                    = false
      [32m+[0m[0m map_public_ip_on_launch                        = false
      [32m+[0m[0m owner_id                                       = (known after apply)
      [32m+[0m[0m private_dns_hostname_type_on_launch            = (known after apply)
      [32m+[0m[0m tags                                           = {
          [32m+[0m[0m "Name"                   = "devsu-vpc-public-us-west-2c"
          [32m+[0m[0m "kubernetes.io/role/elb" = "1"
        }
      [32m+[0m[0m tags_all                                       = {
          [32m+[0m[0m "Name"                   = "devsu-vpc-public-us-west-2c"
          [32m+[0m[0m "kubernetes.io/role/elb" = "1"
        }
      [32m+[0m[0m vpc_id                                         = (known after apply)
    }

[1m  # module.vpc.aws_vpc.this[0][0m will be created
[0m  [32m+[0m[0m resource "aws_vpc" "this" {
      [32m+[0m[0m arn                                  = (known after apply)
      [32m+[0m[0m cidr_block                           = "10.0.0.0/16"
      [32m+[0m[0m default_network_acl_id               = (known after apply)
      [32m+[0m[0m default_route_table_id               = (known after apply)
      [32m+[0m[0m default_security_group_id            = (known after apply)
      [32m+[0m[0m dhcp_options_id                      = (known after apply)
      [32m+[0m[0m enable_dns_hostnames                 = true
      [32m+[0m[0m enable_dns_support                   = true
      [32m+[0m[0m enable_network_address_usage_metrics = (known after apply)
      [32m+[0m[0m id                                   = (known after apply)
      [32m+[0m[0m instance_tenancy                     = "default"
      [32m+[0m[0m ipv6_association_id                  = (known after apply)
      [32m+[0m[0m ipv6_cidr_block                      = (known after apply)
      [32m+[0m[0m ipv6_cidr_block_network_border_group = (known after apply)
      [32m+[0m[0m main_route_table_id                  = (known after apply)
      [32m+[0m[0m owner_id                             = (known after apply)
      [32m+[0m[0m tags                                 = {
          [32m+[0m[0m "Name" = "devsu-vpc"
        }
      [32m+[0m[0m tags_all                             = {
          [32m+[0m[0m "Name" = "devsu-vpc"
        }
    }

[1m  # module.eks.module.eks_managed_node_group["one"].aws_eks_node_group.this[0][0m will be created
[0m  [32m+[0m[0m resource "aws_eks_node_group" "this" {
      [32m+[0m[0m ami_type               = "AL2_x86_64"
      [32m+[0m[0m arn                    = (known after apply)
      [32m+[0m[0m capacity_type          = (known after apply)
      [32m+[0m[0m cluster_name           = "eks-cluster"
      [32m+[0m[0m disk_size              = (known after apply)
      [32m+[0m[0m id                     = (known after apply)
      [32m+[0m[0m instance_types         = [
          [32m+[0m[0m "t3.small",
        ]
      [32m+[0m[0m node_group_name        = (known after apply)
      [32m+[0m[0m node_group_name_prefix = "node-group-1-"
      [32m+[0m[0m node_role_arn          = (known after apply)
      [32m+[0m[0m release_version        = (known after apply)
      [32m+[0m[0m resources              = (known after apply)
      [32m+[0m[0m status                 = (known after apply)
      [32m+[0m[0m subnet_ids             = (known after apply)
      [32m+[0m[0m tags                   = {
          [32m+[0m[0m "Name" = "node-group-1"
        }
      [32m+[0m[0m tags_all               = {
          [32m+[0m[0m "Name" = "node-group-1"
        }
      [32m+[0m[0m version                = "1.32"

      [32m+[0m[0m launch_template {
          [32m+[0m[0m id      = (known after apply)
          [32m+[0m[0m name    = (known after apply)
          [32m+[0m[0m version = (known after apply)
        }

      [32m+[0m[0m scaling_config {
          [32m+[0m[0m desired_size = 1
          [32m+[0m[0m max_size     = 2
          [32m+[0m[0m min_size     = 1
        }

      [32m+[0m[0m timeouts {}

      [32m+[0m[0m update_config {
          [32m+[0m[0m max_unavailable_percentage = 33
        }
    }

[1m  # module.eks.module.eks_managed_node_group["one"].aws_iam_role.this[0][0m will be created
[0m  [32m+[0m[0m resource "aws_iam_role" "this" {
      [32m+[0m[0m arn                   = (known after apply)
      [32m+[0m[0m assume_role_policy    = jsonencode(
            {
              [32m+[0m[0m Statement = [
                  [32m+[0m[0m {
                      [32m+[0m[0m Action    = "sts:AssumeRole"
                      [32m+[0m[0m Effect    = "Allow"
                      [32m+[0m[0m Principal = {
                          [32m+[0m[0m Service = "ec2.amazonaws.com"
                        }
                      [32m+[0m[0m Sid       = "EKSNodeAssumeRole"
                    },
                ]
              [32m+[0m[0m Version   = "2012-10-17"
            }
        )
      [32m+[0m[0m create_date           = (known after apply)
      [32m+[0m[0m description           = "EKS managed node group IAM role"
      [32m+[0m[0m force_detach_policies = true
      [32m+[0m[0m id                    = (known after apply)
      [32m+[0m[0m managed_policy_arns   = (known after apply)
      [32m+[0m[0m max_session_duration  = 3600
      [32m+[0m[0m name                  = (known after apply)
      [32m+[0m[0m name_prefix           = "node-group-1-eks-node-group-"
      [32m+[0m[0m path                  = "/"
      [32m+[0m[0m tags_all              = (known after apply)
      [32m+[0m[0m unique_id             = (known after apply)

      [32m+[0m[0m inline_policy (known after apply)
    }

[1m  # module.eks.module.eks_managed_node_group["one"].aws_iam_role_policy_attachment.this["AmazonEC2ContainerRegistryReadOnly"][0m will be created
[0m  [32m+[0m[0m resource "aws_iam_role_policy_attachment" "this" {
      [32m+[0m[0m id         = (known after apply)
      [32m+[0m[0m policy_arn = "arn:aws:iam::aws:policy/AmazonEC2ContainerRegistryReadOnly"
      [32m+[0m[0m role       = (known after apply)
    }

[1m  # module.eks.module.eks_managed_node_group["one"].aws_iam_role_policy_attachment.this["AmazonEKSWorkerNodePolicy"][0m will be created
[0m  [32m+[0m[0m resource "aws_iam_role_policy_attachment" "this" {
      [32m+[0m[0m id         = (known after apply)
      [32m+[0m[0m policy_arn = "arn:aws:iam::aws:policy/AmazonEKSWorkerNodePolicy"
      [32m+[0m[0m role       = (known after apply)
    }

[1m  # module.eks.module.eks_managed_node_group["one"].aws_iam_role_policy_attachment.this["AmazonEKS_CNI_Policy"][0m will be created
[0m  [32m+[0m[0m resource "aws_iam_role_policy_attachment" "this" {
      [32m+[0m[0m id         = (known after apply)
      [32m+[0m[0m policy_arn = "arn:aws:iam::aws:policy/AmazonEKS_CNI_Policy"
      [32m+[0m[0m role       = (known after apply)
    }

[1m  # module.eks.module.eks_managed_node_group["one"].aws_launch_template.this[0][0m will be created
[0m  [32m+[0m[0m resource "aws_launch_template" "this" {
      [32m+[0m[0m arn                    = (known after apply)
      [32m+[0m[0m default_version        = (known after apply)
      [32m+[0m[0m description            = "Custom launch template for node-group-1 EKS managed node group"
      [32m+[0m[0m id                     = (known after apply)
      [32m+[0m[0m latest_version         = (known after apply)
      [32m+[0m[0m name                   = (known after apply)
      [32m+[0m[0m name_prefix            = "one-"
      [32m+[0m[0m tags_all               = (known after apply)
      [32m+[0m[0m update_default_version = true
      [32m+[0m[0m vpc_security_group_ids = (known after apply)
        [90m# (2 unchanged attributes hidden)[0m[0m

      [32m+[0m[0m metadata_options {
          [32m+[0m[0m http_endpoint               = "enabled"
          [32m+[0m[0m http_protocol_ipv6          = (known after apply)
          [32m+[0m[0m http_put_response_hop_limit = 2
          [32m+[0m[0m http_tokens                 = "required"
          [32m+[0m[0m instance_metadata_tags      = (known after apply)
        }

      [32m+[0m[0m monitoring {
          [32m+[0m[0m enabled = true
        }

      [32m+[0m[0m tag_specifications {
          [32m+[0m[0m resource_type = "instance"
          [32m+[0m[0m tags          = {
              [32m+[0m[0m "Name" = "node-group-1"
            }
        }
      [32m+[0m[0m tag_specifications {
          [32m+[0m[0m resource_type = "network-interface"
          [32m+[0m[0m tags          = {
              [32m+[0m[0m "Name" = "node-group-1"
            }
        }
      [32m+[0m[0m tag_specifications {
          [32m+[0m[0m resource_type = "volume"
          [32m+[0m[0m tags          = {
              [32m+[0m[0m "Name" = "node-group-1"
            }
        }
    }

[1m  # module.eks.module.eks_managed_node_group["two"].aws_eks_node_group.this[0][0m will be created
[0m  [32m+[0m[0m resource "aws_eks_node_group" "this" {
      [32m+[0m[0m ami_type               = "AL2_x86_64"
      [32m+[0m[0m arn                    = (known after apply)
      [32m+[0m[0m capacity_type          = (known after apply)
      [32m+[0m[0m cluster_name           = "eks-cluster"
      [32m+[0m[0m disk_size              = (known after apply)
      [32m+[0m[0m id                     = (known after apply)
      [32m+[0m[0m instance_types         = [
          [32m+[0m[0m "t3.small",
        ]
      [32m+[0m[0m node_group_name        = (known after apply)
      [32m+[0m[0m node_group_name_prefix = "node-group-2-"
      [32m+[0m[0m node_role_arn          = (known after apply)
      [32m+[0m[0m release_version        = (known after apply)
      [32m+[0m[0m resources              = (known after apply)
      [32m+[0m[0m status                 = (known after apply)
      [32m+[0m[0m subnet_ids             = (known after apply)
      [32m+[0m[0m tags                   = {
          [32m+[0m[0m "Name" = "node-group-2"
        }
      [32m+[0m[0m tags_all               = {
          [32m+[0m[0m "Name" = "node-group-2"
        }
      [32m+[0m[0m version                = "1.32"

      [32m+[0m[0m launch_template {
          [32m+[0m[0m id      = (known after apply)
          [32m+[0m[0m name    = (known after apply)
          [32m+[0m[0m version = (known after apply)
        }

      [32m+[0m[0m scaling_config {
          [32m+[0m[0m desired_size = 1
          [32m+[0m[0m max_size     = 2
          [32m+[0m[0m min_size     = 1
        }

      [32m+[0m[0m timeouts {}

      [32m+[0m[0m update_config {
          [32m+[0m[0m max_unavailable_percentage = 33
        }
    }

[1m  # module.eks.module.eks_managed_node_group["two"].aws_iam_role.this[0][0m will be created
[0m  [32m+[0m[0m resource "aws_iam_role" "this" {
      [32m+[0m[0m arn                   = (known after apply)
      [32m+[0m[0m assume_role_policy    = jsonencode(
            {
              [32m+[0m[0m Statement = [
                  [32m+[0m[0m {
                      [32m+[0m[0m Action    = "sts:AssumeRole"
                      [32m+[0m[0m Effect    = "Allow"
                      [32m+[0m[0m Principal = {
                          [32m+[0m[0m Service = "ec2.amazonaws.com"
                        }
                      [32m+[0m[0m Sid       = "EKSNodeAssumeRole"
                    },
                ]
              [32m+[0m[0m Version   = "2012-10-17"
            }
        )
      [32m+[0m[0m create_date           = (known after apply)
      [32m+[0m[0m description           = "EKS managed node group IAM role"
      [32m+[0m[0m force_detach_policies = true
      [32m+[0m[0m id                    = (known after apply)
      [32m+[0m[0m managed_policy_arns   = (known after apply)
      [32m+[0m[0m max_session_duration  = 3600
      [32m+[0m[0m name                  = (known after apply)
      [32m+[0m[0m name_prefix           = "node-group-2-eks-node-group-"
      [32m+[0m[0m path                  = "/"
      [32m+[0m[0m tags_all              = (known after apply)
      [32m+[0m[0m unique_id             = (known after apply)

      [32m+[0m[0m inline_policy (known after apply)
    }

[1m  # module.eks.module.eks_managed_node_group["two"].aws_iam_role_policy_attachment.this["AmazonEC2ContainerRegistryReadOnly"][0m will be created
[0m  [32m+[0m[0m resource "aws_iam_role_policy_attachment" "this" {
      [32m+[0m[0m id         = (known after apply)
      [32m+[0m[0m policy_arn = "arn:aws:iam::aws:policy/AmazonEC2ContainerRegistryReadOnly"
      [32m+[0m[0m role       = (known after apply)
    }

[1m  # module.eks.module.eks_managed_node_group["two"].aws_iam_role_policy_attachment.this["AmazonEKSWorkerNodePolicy"][0m will be created
[0m  [32m+[0m[0m resource "aws_iam_role_policy_attachment" "this" {
      [32m+[0m[0m id         = (known after apply)
      [32m+[0m[0m policy_arn = "arn:aws:iam::aws:policy/AmazonEKSWorkerNodePolicy"
      [32m+[0m[0m role       = (known after apply)
    }

[1m  # module.eks.module.eks_managed_node_group["two"].aws_iam_role_policy_attachment.this["AmazonEKS_CNI_Policy"][0m will be created
[0m  [32m+[0m[0m resource "aws_iam_role_policy_attachment" "this" {
      [32m+[0m[0m id         = (known after apply)
      [32m+[0m[0m policy_arn = "arn:aws:iam::aws:policy/AmazonEKS_CNI_Policy"
      [32m+[0m[0m role       = (known after apply)
    }

[1m  # module.eks.module.eks_managed_node_group["two"].aws_launch_template.this[0][0m will be created
[0m  [32m+[0m[0m resource "aws_launch_template" "this" {
      [32m+[0m[0m arn                    = (known after apply)
      [32m+[0m[0m default_version        = (known after apply)
      [32m+[0m[0m description            = "Custom launch template for node-group-2 EKS managed node group"
      [32m+[0m[0m id                     = (known after apply)
      [32m+[0m[0m latest_version         = (known after apply)
      [32m+[0m[0m name                   = (known after apply)
      [32m+[0m[0m name_prefix            = "two-"
      [32m+[0m[0m tags_all               = (known after apply)
      [32m+[0m[0m update_default_version = true
      [32m+[0m[0m vpc_security_group_ids = (known after apply)
        [90m# (2 unchanged attributes hidden)[0m[0m

      [32m+[0m[0m metadata_options {
          [32m+[0m[0m http_endpoint               = "enabled"
          [32m+[0m[0m http_protocol_ipv6          = (known after apply)
          [32m+[0m[0m http_put_response_hop_limit = 2
          [32m+[0m[0m http_tokens                 = "required"
          [32m+[0m[0m instance_metadata_tags      = (known after apply)
        }

      [32m+[0m[0m monitoring {
          [32m+[0m[0m enabled = true
        }

      [32m+[0m[0m tag_specifications {
          [32m+[0m[0m resource_type = "instance"
          [32m+[0m[0m tags          = {
              [32m+[0m[0m "Name" = "node-group-2"
            }
        }
      [32m+[0m[0m tag_specifications {
          [32m+[0m[0m resource_type = "network-interface"
          [32m+[0m[0m tags          = {
              [32m+[0m[0m "Name" = "node-group-2"
            }
        }
      [32m+[0m[0m tag_specifications {
          [32m+[0m[0m resource_type = "volume"
          [32m+[0m[0m tags          = {
              [32m+[0m[0m "Name" = "node-group-2"
            }
        }
    }

[1m  # module.eks.module.kms.data.aws_iam_policy_document.this[0][0m will be read during apply
[0m [36m<=[0m[0m data "aws_iam_policy_document" "this" {
      [32m+[0m[0m id                        = (known after apply)
      [32m+[0m[0m json                      = (known after apply)
      [32m+[0m[0m override_policy_documents = []
      [32m+[0m[0m source_policy_documents   = []

      [32m+[0m[0m statement {
          [32m+[0m[0m actions   = [
              [32m+[0m[0m "kms:*",
            ]
          [32m+[0m[0m resources = [
              [32m+[0m[0m "*",
            ]
          [32m+[0m[0m sid       = "Default"

          [32m+[0m[0m principals {
              [32m+[0m[0m identifiers = [
                  [32m+[0m[0m "arn:aws:iam::888423397167:root",
                ]
              [32m+[0m[0m type        = "AWS"
            }
        }
      [32m+[0m[0m statement {
          [32m+[0m[0m actions   = [
              [32m+[0m[0m "kms:CancelKeyDeletion",
              [32m+[0m[0m "kms:Create*",
              [32m+[0m[0m "kms:Delete*",
              [32m+[0m[0m "kms:Describe*",
              [32m+[0m[0m "kms:Disable*",
              [32m+[0m[0m "kms:Enable*",
              [32m+[0m[0m "kms:Get*",
              [32m+[0m[0m "kms:ImportKeyMaterial",
              [32m+[0m[0m "kms:List*",
              [32m+[0m[0m "kms:Put*",
              [32m+[0m[0m "kms:ReplicateKey",
              [32m+[0m[0m "kms:Revoke*",
              [32m+[0m[0m "kms:ScheduleKeyDeletion",
              [32m+[0m[0m "kms:TagResource",
              [32m+[0m[0m "kms:UntagResource",
              [32m+[0m[0m "kms:Update*",
            ]
          [32m+[0m[0m resources = [
              [32m+[0m[0m "*",
            ]
          [32m+[0m[0m sid       = "KeyAdministration"

          [32m+[0m[0m principals {
              [32m+[0m[0m identifiers = [
                  [32m+[0m[0m "arn:aws:iam::888423397167:user/sebas411iam",
                ]
              [32m+[0m[0m type        = "AWS"
            }
        }
      [32m+[0m[0m statement {
          [32m+[0m[0m actions   = [
              [32m+[0m[0m "kms:Decrypt",
              [32m+[0m[0m "kms:DescribeKey",
              [32m+[0m[0m "kms:Encrypt",
              [32m+[0m[0m "kms:GenerateDataKey*",
              [32m+[0m[0m "kms:ReEncrypt*",
            ]
          [32m+[0m[0m resources = [
              [32m+[0m[0m "*",
            ]
          [32m+[0m[0m sid       = "KeyUsage"

          [32m+[0m[0m principals {
              [32m+[0m[0m identifiers = [
                  [32m+[0m[0m (known after apply),
                ]
              [32m+[0m[0m type        = "AWS"
            }
        }
    }

[1m  # module.eks.module.kms.aws_kms_alias.this["cluster"][0m will be created
[0m  [32m+[0m[0m resource "aws_kms_alias" "this" {
      [32m+[0m[0m arn            = (known after apply)
      [32m+[0m[0m id             = (known after apply)
      [32m+[0m[0m name           = "alias/eks/eks-cluster"
      [32m+[0m[0m name_prefix    = (known after apply)
      [32m+[0m[0m target_key_arn = (known after apply)
      [32m+[0m[0m target_key_id  = (known after apply)
    }

[1m  # module.eks.module.kms.aws_kms_key.this[0][0m will be created
[0m  [32m+[0m[0m resource "aws_kms_key" "this" {
      [32m+[0m[0m arn                                = (known after apply)
      [32m+[0m[0m bypass_policy_lockout_safety_check = false
      [32m+[0m[0m customer_master_key_spec           = "SYMMETRIC_DEFAULT"
      [32m+[0m[0m description                        = "eks-cluster cluster encryption key"
      [32m+[0m[0m enable_key_rotation                = true
      [32m+[0m[0m id                                 = (known after apply)
      [32m+[0m[0m is_enabled                         = true
      [32m+[0m[0m key_id                             = (known after apply)
      [32m+[0m[0m key_usage                          = "ENCRYPT_DECRYPT"
      [32m+[0m[0m multi_region                       = false
      [32m+[0m[0m policy                             = (known after apply)
      [32m+[0m[0m tags                               = {
          [32m+[0m[0m "terraform-aws-modules" = "eks"
        }
      [32m+[0m[0m tags_all                           = {
          [32m+[0m[0m "terraform-aws-modules" = "eks"
        }
    }

[1m  # module.eks.module.eks_managed_node_group["one"].module.user_data.null_resource.validate_cluster_service_cidr[0m will be created
[0m  [32m+[0m[0m resource "null_resource" "validate_cluster_service_cidr" {
      [32m+[0m[0m id = (known after apply)
    }

[1m  # module.eks.module.eks_managed_node_group["two"].module.user_data.null_resource.validate_cluster_service_cidr[0m will be created
[0m  [32m+[0m[0m resource "null_resource" "validate_cluster_service_cidr" {
      [32m+[0m[0m id = (known after apply)
    }

[1mPlan:[0m 66 to add, 0 to change, 0 to destroy.
[0m
Changes to Outputs:
  [32m+[0m[0m cluster_endpoint          = (known after apply)
  [32m+[0m[0m cluster_name              = "eks-cluster"
  [32m+[0m[0m cluster_security_group_id = (known after apply)
  [32m+[0m[0m region                    = "us-west-2"
[0m[1m
Do you want to perform these actions in workspace "devsu-demo"?[0m
  Terraform will perform the actions described above.
  Only 'yes' will be accepted to approve.

  [1mEnter a value:[0m [0m
[1mmodule.eks.aws_cloudwatch_log_group.this[0]: Creating...[0m[0m
[1mmodule.vpc.aws_vpc.this[0]: Creating...[0m[0m
[1mmodule.eks.module.eks_managed_node_group["two"].aws_iam_role.this[0]: Creating...[0m[0m
[1mmodule.eks.aws_iam_role.this[0]: Creating...[0m[0m
[1mmodule.eks.module.eks_managed_node_group["one"].aws_iam_role.this[0]: Creating...[0m[0m
[1mmodule.eks.module.eks_managed_node_group["two"].aws_iam_role.this[0]: Creation complete after 0s [id=node-group-2-eks-node-group-20250211044705562900000001][0m[0m
[1mmodule.eks.module.eks_managed_node_group["one"].aws_iam_role.this[0]: Creation complete after 0s [id=node-group-1-eks-node-group-20250211044705565000000002][0m[0m
[1mmodule.eks.module.eks_managed_node_group["one"].aws_iam_role_policy_attachment.this["AmazonEKSWorkerNodePolicy"]: Creating...[0m[0m
[1mmodule.eks.module.eks_managed_node_group["two"].aws_iam_role_policy_attachment.this["AmazonEKSWorkerNodePolicy"]: Creating...[0m[0m
[1mmodule.eks.module.eks_managed_node_group["one"].aws_iam_role_policy_attachment.this["AmazonEC2ContainerRegistryReadOnly"]: Creating...[0m[0m
[1mmodule.eks.module.eks_managed_node_group["one"].aws_iam_role_policy_attachment.this["AmazonEKS_CNI_Policy"]: Creating...[0m[0m
[1mmodule.eks.module.eks_managed_node_group["two"].aws_iam_role_policy_attachment.this["AmazonEKS_CNI_Policy"]: Creating...[0m[0m
[1mmodule.eks.module.eks_managed_node_group["two"].aws_iam_role_policy_attachment.this["AmazonEC2ContainerRegistryReadOnly"]: Creating...[0m[0m
[1mmodule.eks.aws_iam_role.this[0]: Creation complete after 0s [id=eks-cluster-cluster-20250211044705565400000003][0m[0m
[1mmodule.eks.module.eks_managed_node_group["one"].aws_iam_role_policy_attachment.this["AmazonEKSWorkerNodePolicy"]: Creation complete after 0s [id=node-group-1-eks-node-group-20250211044705565000000002-20250211044705792700000004][0m[0m
[1mmodule.eks.module.eks_managed_node_group["two"].aws_iam_role_policy_attachment.this["AmazonEKSWorkerNodePolicy"]: Creation complete after 0s [id=node-group-2-eks-node-group-20250211044705562900000001-20250211044705796700000005][0m[0m
[1mmodule.eks.aws_iam_role_policy_attachment.this["AmazonEKSVPCResourceController"]: Creating...[0m[0m
[1mmodule.eks.aws_iam_role_policy_attachment.this["AmazonEKSClusterPolicy"]: Creating...[0m[0m
[1mmodule.eks.module.kms.data.aws_iam_policy_document.this[0]: Refreshing...[0m[0m
[1mmodule.eks.module.kms.data.aws_iam_policy_document.this[0]: Refresh complete after 0s [id=2613737385][0m[0m
[1mmodule.eks.module.kms.aws_kms_key.this[0]: Creating...[0m[0m
[1mmodule.eks.module.eks_managed_node_group["two"].aws_iam_role_policy_attachment.this["AmazonEKS_CNI_Policy"]: Creation complete after 0s [id=node-group-2-eks-node-group-20250211044705562900000001-20250211044705798000000006][0m[0m
[1mmodule.eks.module.eks_managed_node_group["one"].aws_iam_role_policy_attachment.this["AmazonEC2ContainerRegistryReadOnly"]: Creation complete after 0s [id=node-group-1-eks-node-group-20250211044705565000000002-20250211044705818000000009][0m[0m
[1mmodule.eks.module.eks_managed_node_group["one"].aws_iam_role_policy_attachment.this["AmazonEKS_CNI_Policy"]: Creation complete after 0s [id=node-group-1-eks-node-group-20250211044705565000000002-20250211044705815300000008][0m[0m
[1mmodule.eks.module.eks_managed_node_group["two"].aws_iam_role_policy_attachment.this["AmazonEC2ContainerRegistryReadOnly"]: Creation complete after 0s [id=node-group-2-eks-node-group-20250211044705562900000001-20250211044705815200000007][0m[0m
[1mmodule.eks.aws_iam_role_policy_attachment.this["AmazonEKSClusterPolicy"]: Creation complete after 0s [id=eks-cluster-cluster-20250211044705565400000003-2025021104470587880000000a][0m[0m
[1mmodule.eks.aws_iam_role_policy_attachment.this["AmazonEKSVPCResourceController"]: Creation complete after 0s [id=eks-cluster-cluster-20250211044705565400000003-2025021104470590280000000b][0m[0m
[1mmodule.eks.aws_cloudwatch_log_group.this[0]: Creation complete after 0s [id=/aws/eks/eks-cluster/cluster][0m[0m
module.vpc.aws_vpc.this[0]: Still creating... [10s elapsed]
module.eks.module.kms.aws_kms_key.this[0]: Still creating... [10s elapsed]
[1mmodule.vpc.aws_vpc.this[0]: Creation complete after 12s [id=vpc-00945bfbc83b0c444][0m[0m
[1mmodule.vpc.aws_route_table.private[0]: Creating...[0m[0m
[1mmodule.vpc.aws_route_table.public[0]: Creating...[0m[0m
[1mmodule.vpc.aws_default_route_table.default[0]: Creating...[0m[0m
[1mmodule.vpc.aws_internet_gateway.this[0]: Creating...[0m[0m
[1mmodule.vpc.aws_subnet.private[1]: Creating...[0m[0m
[1mmodule.vpc.aws_default_security_group.this[0]: Creating...[0m[0m
[1mmodule.vpc.aws_subnet.private[0]: Creating...[0m[0m
[1mmodule.vpc.aws_subnet.public[0]: Creating...[0m[0m
[1mmodule.vpc.aws_default_network_acl.this[0]: Creating...[0m[0m
[1mmodule.vpc.aws_default_route_table.default[0]: Creation complete after 1s [id=rtb-0562194db6cf4b6c4][0m[0m
[1mmodule.vpc.aws_subnet.private[2]: Creating...[0m[0m
[1mmodule.vpc.aws_internet_gateway.this[0]: Creation complete after 1s [id=igw-0a5d455725d669129][0m[0m
[1mmodule.eks.aws_security_group.cluster[0]: Creating...[0m[0m
[1mmodule.vpc.aws_route_table.private[0]: Creation complete after 1s [id=rtb-0b87605b75f04a00b][0m[0m
[1mmodule.vpc.aws_subnet.public[1]: Creating...[0m[0m
[1mmodule.vpc.aws_route_table.public[0]: Creation complete after 1s [id=rtb-0617d40e4d0a9f07c][0m[0m
[1mmodule.vpc.aws_subnet.public[2]: Creating...[0m[0m
[1mmodule.vpc.aws_subnet.public[0]: Creation complete after 1s [id=subnet-03505d660519c1c98][0m[0m
[1mmodule.eks.aws_security_group.node[0]: Creating...[0m[0m
[1mmodule.vpc.aws_subnet.private[1]: Creation complete after 1s [id=subnet-00c9d4f92797eea91][0m[0m
[1mmodule.vpc.aws_eip.nat[0]: Creating...[0m[0m
[1mmodule.vpc.aws_subnet.private[2]: Creation complete after 1s [id=subnet-0ea94248a25e3bd34][0m[0m
[1mmodule.vpc.aws_route.public_internet_gateway[0]: Creating...[0m[0m
[1mmodule.vpc.aws_default_network_acl.this[0]: Creation complete after 2s [id=acl-0c0ba586f5f2ded77][0m[0m
[1mmodule.vpc.aws_subnet.public[2]: Creation complete after 1s [id=subnet-0db9182f6ac18b12d][0m[0m
[1mmodule.vpc.aws_subnet.public[1]: Creation complete after 1s [id=subnet-04a30cf1adff8f1cb][0m[0m
[1mmodule.vpc.aws_route_table_association.public[0]: Creating...[0m[0m
[1mmodule.vpc.aws_route_table_association.public[2]: Creating...[0m[0m
[1mmodule.vpc.aws_route_table_association.public[1]: Creating...[0m[0m
[1mmodule.vpc.aws_subnet.private[0]: Creation complete after 2s [id=subnet-03101982a72cce216][0m[0m
[1mmodule.vpc.aws_route_table_association.private[2]: Creating...[0m[0m
[1mmodule.vpc.aws_default_security_group.this[0]: Creation complete after 2s [id=sg-0c4c94ed3b8d124e9][0m[0m
[1mmodule.vpc.aws_route_table_association.private[0]: Creating...[0m[0m
[1mmodule.vpc.aws_eip.nat[0]: Creation complete after 1s [id=eipalloc-0a66036becf5e5556][0m[0m
[1mmodule.vpc.aws_route_table_association.private[1]: Creating...[0m[0m
[1mmodule.vpc.aws_route_table_association.public[2]: Creation complete after 0s [id=rtbassoc-050e6cd6703a7b141][0m[0m
[1mmodule.vpc.aws_route_table_association.public[1]: Creation complete after 0s [id=rtbassoc-0ceb7a2d8e635b48f][0m[0m
[1mmodule.vpc.aws_nat_gateway.this[0]: Creating...[0m[0m
[1mmodule.vpc.aws_route_table_association.public[0]: Creation complete after 0s [id=rtbassoc-002c15a4723084bad][0m[0m
[1mmodule.vpc.aws_route_table_association.private[2]: Creation complete after 0s [id=rtbassoc-0023017c61628a0a1][0m[0m
[1mmodule.vpc.aws_route_table_association.private[0]: Creation complete after 0s [id=rtbassoc-0bbb9af9abb0a147a][0m[0m
[1mmodule.vpc.aws_route.public_internet_gateway[0]: Creation complete after 0s [id=r-rtb-0617d40e4d0a9f07c1080289494][0m[0m
[1mmodule.vpc.aws_route_table_association.private[1]: Creation complete after 0s [id=rtbassoc-0ce1b00e7c4938aac][0m[0m
[1mmodule.eks.aws_security_group.cluster[0]: Creation complete after 2s [id=sg-03d737ff3a8833e49][0m[0m
[1mmodule.eks.aws_security_group.node[0]: Creation complete after 2s [id=sg-0239ed387b56028da][0m[0m
[1mmodule.eks.aws_security_group_rule.node["ingress_cluster_kubelet"]: Creating...[0m[0m
[1mmodule.eks.aws_security_group_rule.node["ingress_cluster_443"]: Creating...[0m[0m
[1mmodule.eks.aws_security_group_rule.node["egress_all"]: Creating...[0m[0m
[1mmodule.eks.aws_security_group_rule.cluster["ingress_nodes_443"]: Creating...[0m[0m
[1mmodule.eks.aws_security_group_rule.node["ingress_cluster_6443_webhook"]: Creating...[0m[0m
[1mmodule.eks.aws_security_group_rule.node["ingress_cluster_8443_webhook"]: Creating...[0m[0m
[1mmodule.eks.aws_security_group_rule.node["ingress_cluster_4443_webhook"]: Creating...[0m[0m
[1mmodule.eks.aws_security_group_rule.node["ingress_self_coredns_udp"]: Creating...[0m[0m
[1mmodule.eks.aws_security_group_rule.node["ingress_cluster_kubelet"]: Creation complete after 1s [id=sgrule-2782560258][0m[0m
[1mmodule.eks.aws_security_group_rule.node["ingress_cluster_9443_webhook"]: Creating...[0m[0m
[1mmodule.eks.aws_security_group_rule.cluster["ingress_nodes_443"]: Creation complete after 1s [id=sgrule-2958750849][0m[0m
[1mmodule.eks.aws_security_group_rule.node["ingress_self_coredns_tcp"]: Creating...[0m[0m
[1mmodule.eks.aws_security_group_rule.node["egress_all"]: Creation complete after 1s [id=sgrule-3043410638][0m[0m
[1mmodule.eks.aws_security_group_rule.node["ingress_nodes_ephemeral"]: Creating...[0m[0m
[1mmodule.eks.aws_security_group_rule.node["ingress_cluster_6443_webhook"]: Creation complete after 2s [id=sgrule-476595445][0m[0m
[1mmodule.eks.aws_security_group_rule.node["ingress_cluster_443"]: Creation complete after 3s [id=sgrule-1881067255][0m[0m
[1mmodule.eks.aws_security_group_rule.node["ingress_cluster_4443_webhook"]: Creation complete after 3s [id=sgrule-3576308579][0m[0m
[1mmodule.eks.aws_security_group_rule.node["ingress_cluster_8443_webhook"]: Creation complete after 4s [id=sgrule-255097044][0m[0m
[1mmodule.eks.aws_security_group_rule.node["ingress_self_coredns_udp"]: Creation complete after 5s [id=sgrule-3298530118][0m[0m
module.eks.module.kms.aws_kms_key.this[0]: Still creating... [20s elapsed]
[1mmodule.eks.aws_security_group_rule.node["ingress_cluster_9443_webhook"]: Creation complete after 4s [id=sgrule-1804946207][0m[0m
[1mmodule.eks.aws_security_group_rule.node["ingress_self_coredns_tcp"]: Creation complete after 5s [id=sgrule-1623470249][0m[0m
[1mmodule.eks.module.kms.aws_kms_key.this[0]: Creation complete after 21s [id=b82b7915-2673-4c1a-94dc-90bed6764419][0m[0m
[1mmodule.eks.module.kms.aws_kms_alias.this["cluster"]: Creating...[0m[0m
[1mmodule.eks.aws_iam_policy.cluster_encryption[0]: Creating...[0m[0m
[1mmodule.eks.aws_iam_policy.cluster_encryption[0]: Creation complete after 0s [id=arn:aws:iam::888423397167:policy/eks-cluster-cluster-ClusterEncryption20250211044727347600000011][0m[0m
[1mmodule.eks.aws_iam_role_policy_attachment.cluster_encryption[0]: Creating...[0m[0m
[1mmodule.eks.module.kms.aws_kms_alias.this["cluster"]: Creation complete after 0s [id=alias/eks/eks-cluster][0m[0m
[1mmodule.eks.aws_iam_role_policy_attachment.cluster_encryption[0]: Creation complete after 1s [id=eks-cluster-cluster-20250211044705565400000003-20250211044727551200000012][0m[0m
[1mmodule.eks.aws_security_group_rule.node["ingress_nodes_ephemeral"]: Creation complete after 6s [id=sgrule-2335685207][0m[0m
[1mmodule.eks.aws_eks_cluster.this[0]: Creating...[0m[0m
module.vpc.aws_nat_gateway.this[0]: Still creating... [10s elapsed]
module.eks.aws_eks_cluster.this[0]: Still creating... [10s elapsed]
module.vpc.aws_nat_gateway.this[0]: Still creating... [20s elapsed]
module.eks.aws_eks_cluster.this[0]: Still creating... [20s elapsed]
module.vpc.aws_nat_gateway.this[0]: Still creating... [30s elapsed]
module.eks.aws_eks_cluster.this[0]: Still creating... [30s elapsed]
module.vpc.aws_nat_gateway.this[0]: Still creating... [40s elapsed]
module.eks.aws_eks_cluster.this[0]: Still creating... [40s elapsed]
module.vpc.aws_nat_gateway.this[0]: Still creating... [50s elapsed]
module.eks.aws_eks_cluster.this[0]: Still creating... [50s elapsed]
module.vpc.aws_nat_gateway.this[0]: Still creating... [1m0s elapsed]
module.eks.aws_eks_cluster.this[0]: Still creating... [1m0s elapsed]
module.vpc.aws_nat_gateway.this[0]: Still creating... [1m10s elapsed]
module.eks.aws_eks_cluster.this[0]: Still creating... [1m10s elapsed]
module.vpc.aws_nat_gateway.this[0]: Still creating... [1m20s elapsed]
module.eks.aws_eks_cluster.this[0]: Still creating... [1m20s elapsed]
module.vpc.aws_nat_gateway.this[0]: Still creating... [1m30s elapsed]
module.eks.aws_eks_cluster.this[0]: Still creating... [1m30s elapsed]
module.vpc.aws_nat_gateway.this[0]: Still creating... [1m40s elapsed]
[1mmodule.vpc.aws_nat_gateway.this[0]: Creation complete after 1m45s [id=nat-0a4a335937114b049][0m[0m
[1mmodule.vpc.aws_route.private_nat_gateway[0]: Creating...[0m[0m
[1mmodule.vpc.aws_route.private_nat_gateway[0]: Creation complete after 1s [id=r-rtb-0b87605b75f04a00b1080289494][0m[0m
module.eks.aws_eks_cluster.this[0]: Still creating... [1m40s elapsed]
module.eks.aws_eks_cluster.this[0]: Still creating... [1m50s elapsed]
module.eks.aws_eks_cluster.this[0]: Still creating... [2m0s elapsed]
module.eks.aws_eks_cluster.this[0]: Still creating... [2m10s elapsed]
module.eks.aws_eks_cluster.this[0]: Still creating... [2m20s elapsed]
module.eks.aws_eks_cluster.this[0]: Still creating... [2m30s elapsed]
module.eks.aws_eks_cluster.this[0]: Still creating... [2m40s elapsed]
module.eks.aws_eks_cluster.this[0]: Still creating... [2m50s elapsed]
module.eks.aws_eks_cluster.this[0]: Still creating... [3m0s elapsed]
module.eks.aws_eks_cluster.this[0]: Still creating... [3m10s elapsed]
module.eks.aws_eks_cluster.this[0]: Still creating... [3m20s elapsed]
module.eks.aws_eks_cluster.this[0]: Still creating... [3m30s elapsed]
module.eks.aws_eks_cluster.this[0]: Still creating... [3m40s elapsed]
module.eks.aws_eks_cluster.this[0]: Still creating... [3m50s elapsed]
module.eks.aws_eks_cluster.this[0]: Still creating... [4m0s elapsed]
module.eks.aws_eks_cluster.this[0]: Still creating... [4m10s elapsed]
module.eks.aws_eks_cluster.this[0]: Still creating... [4m20s elapsed]
module.eks.aws_eks_cluster.this[0]: Still creating... [4m30s elapsed]
module.eks.aws_eks_cluster.this[0]: Still creating... [4m40s elapsed]
module.eks.aws_eks_cluster.this[0]: Still creating... [4m50s elapsed]
module.eks.aws_eks_cluster.this[0]: Still creating... [5m0s elapsed]
module.eks.aws_eks_cluster.this[0]: Still creating... [5m10s elapsed]
module.eks.aws_eks_cluster.this[0]: Still creating... [5m20s elapsed]
module.eks.aws_eks_cluster.this[0]: Still creating... [5m30s elapsed]
module.eks.aws_eks_cluster.this[0]: Still creating... [5m40s elapsed]
module.eks.aws_eks_cluster.this[0]: Still creating... [5m50s elapsed]
module.eks.aws_eks_cluster.this[0]: Still creating... [6m0s elapsed]
module.eks.aws_eks_cluster.this[0]: Still creating... [6m10s elapsed]
module.eks.aws_eks_cluster.this[0]: Still creating... [6m20s elapsed]
module.eks.aws_eks_cluster.this[0]: Still creating... [6m30s elapsed]
module.eks.aws_eks_cluster.this[0]: Still creating... [6m40s elapsed]
module.eks.aws_eks_cluster.this[0]: Still creating... [6m50s elapsed]
module.eks.aws_eks_cluster.this[0]: Still creating... [7m0s elapsed]
module.eks.aws_eks_cluster.this[0]: Still creating... [7m10s elapsed]
module.eks.aws_eks_cluster.this[0]: Still creating... [7m20s elapsed]
module.eks.aws_eks_cluster.this[0]: Still creating... [7m30s elapsed]
module.eks.aws_eks_cluster.this[0]: Still creating... [7m40s elapsed]
module.eks.aws_eks_cluster.this[0]: Still creating... [7m50s elapsed]
module.eks.aws_eks_cluster.this[0]: Still creating... [8m0s elapsed]
module.eks.aws_eks_cluster.this[0]: Still creating... [8m10s elapsed]
module.eks.aws_eks_cluster.this[0]: Still creating... [8m20s elapsed]
module.eks.aws_eks_cluster.this[0]: Still creating... [8m30s elapsed]
module.eks.aws_eks_cluster.this[0]: Still creating... [8m40s elapsed]
[1mmodule.eks.aws_eks_cluster.this[0]: Creation complete after 8m45s [id=eks-cluster][0m[0m
[1mmodule.eks.data.tls_certificate.this[0]: Refreshing...[0m[0m
[1mmodule.eks.aws_eks_access_entry.this["cluster_creator"]: Creating...[0m[0m
[1mmodule.eks.time_sleep.this[0]: Creating...[0m[0m
[1mmodule.eks.data.tls_certificate.this[0]: Refresh complete after 0s [id=9ce40dc2a049cbf871181c1b9ce87cb4fcc34109][0m[0m
[1mmodule.eks.aws_iam_openid_connect_provider.oidc_provider[0]: Creating...[0m[0m
[1mmodule.eks.aws_iam_openid_connect_provider.oidc_provider[0]: Creation complete after 0s [id=arn:aws:iam::888423397167:oidc-provider/oidc.eks.us-west-2.amazonaws.com/id/4D1E247F25352B31E5A3EEE295DA7E79][0m[0m
[1mmodule.eks.aws_eks_access_entry.this["cluster_creator"]: Creation complete after 1s [id=eks-cluster:arn:aws:iam::888423397167:user/sebas411iam][0m[0m
[1mmodule.eks.aws_eks_access_policy_association.this["cluster_creator_admin"]: Creating...[0m[0m
[1mmodule.eks.aws_eks_access_policy_association.this["cluster_creator_admin"]: Creation complete after 0s [id=eks-cluster#arn:aws:iam::888423397167:user/sebas411iam#arn:aws:eks::aws:cluster-access-policy/AmazonEKSClusterAdminPolicy][0m[0m
[1mmodule.irsa-ebs-csi.data.aws_iam_policy_document.assume_role_with_oidc[0]: Refreshing...[0m[0m
[1mmodule.irsa-ebs-csi.data.aws_iam_policy_document.assume_role_with_oidc[0]: Refresh complete after 0s [id=4286280427][0m[0m
[1mmodule.irsa-ebs-csi.aws_iam_role.this[0]: Creating...[0m[0m
[1mmodule.irsa-ebs-csi.aws_iam_role.this[0]: Creation complete after 1s [id=AmazonEKSTFEBSCSIRole-eks-cluster][0m[0m
[1mmodule.eks.data.aws_eks_addon_version.this["aws-ebs-csi-driver"]: Refreshing...[0m[0m
[1mmodule.irsa-ebs-csi.aws_iam_role_policy_attachment.custom[0]: Creating...[0m[0m
[1mmodule.irsa-ebs-csi.aws_iam_role_policy_attachment.custom[0]: Creation complete after 0s [id=AmazonEKSTFEBSCSIRole-eks-cluster-20250211045614702500000013][0m[0m
[1mmodule.eks.data.aws_eks_addon_version.this["aws-ebs-csi-driver"]: Refresh complete after 0s [id=aws-ebs-csi-driver][0m[0m
module.eks.time_sleep.this[0]: Still creating... [10s elapsed]
module.eks.time_sleep.this[0]: Still creating... [20s elapsed]
module.eks.time_sleep.this[0]: Still creating... [30s elapsed]
[1mmodule.eks.time_sleep.this[0]: Creation complete after 30s [id=2025-02-11T04:56:43Z][0m[0m
[1mmodule.eks.module.eks_managed_node_group["two"].module.user_data.null_resource.validate_cluster_service_cidr: Creating...[0m[0m
[1mmodule.eks.module.eks_managed_node_group["one"].module.user_data.null_resource.validate_cluster_service_cidr: Creating...[0m[0m
[1mmodule.eks.module.eks_managed_node_group["two"].module.user_data.null_resource.validate_cluster_service_cidr: Creation complete after 0s [id=2558060855428928568][0m[0m
[1mmodule.eks.module.eks_managed_node_group["one"].module.user_data.null_resource.validate_cluster_service_cidr: Creation complete after 0s [id=4012884485006759778][0m[0m
[1mmodule.eks.module.eks_managed_node_group["one"].aws_launch_template.this[0]: Creating...[0m[0m
[1mmodule.eks.module.eks_managed_node_group["two"].aws_launch_template.this[0]: Creating...[0m[0m
[1mmodule.eks.module.eks_managed_node_group["two"].aws_launch_template.this[0]: Creation complete after 1s [id=lt-002d0fdd7cf8ea4a3][0m[0m
[1mmodule.eks.module.eks_managed_node_group["one"].aws_launch_template.this[0]: Creation complete after 1s [id=lt-0a5de593d73c38aa6][0m[0m
[1mmodule.eks.module.eks_managed_node_group["two"].aws_eks_node_group.this[0]: Creating...[0m[0m
[1mmodule.eks.module.eks_managed_node_group["one"].aws_eks_node_group.this[0]: Creating...[0m[0m
module.eks.module.eks_managed_node_group["two"].aws_eks_node_group.this[0]: Still creating... [10s elapsed]
module.eks.module.eks_managed_node_group["one"].aws_eks_node_group.this[0]: Still creating... [10s elapsed]
module.eks.module.eks_managed_node_group["two"].aws_eks_node_group.this[0]: Still creating... [20s elapsed]
module.eks.module.eks_managed_node_group["one"].aws_eks_node_group.this[0]: Still creating... [20s elapsed]
module.eks.module.eks_managed_node_group["two"].aws_eks_node_group.this[0]: Still creating... [30s elapsed]
module.eks.module.eks_managed_node_group["one"].aws_eks_node_group.this[0]: Still creating... [30s elapsed]
module.eks.module.eks_managed_node_group["two"].aws_eks_node_group.this[0]: Still creating... [40s elapsed]
module.eks.module.eks_managed_node_group["one"].aws_eks_node_group.this[0]: Still creating... [40s elapsed]
module.eks.module.eks_managed_node_group["one"].aws_eks_node_group.this[0]: Still creating... [50s elapsed]
module.eks.module.eks_managed_node_group["two"].aws_eks_node_group.this[0]: Still creating... [50s elapsed]
module.eks.module.eks_managed_node_group["two"].aws_eks_node_group.this[0]: Still creating... [1m0s elapsed]
module.eks.module.eks_managed_node_group["one"].aws_eks_node_group.this[0]: Still creating... [1m0s elapsed]
module.eks.module.eks_managed_node_group["one"].aws_eks_node_group.this[0]: Still creating... [1m10s elapsed]
module.eks.module.eks_managed_node_group["two"].aws_eks_node_group.this[0]: Still creating... [1m10s elapsed]
module.eks.module.eks_managed_node_group["one"].aws_eks_node_group.this[0]: Still creating... [1m20s elapsed]
module.eks.module.eks_managed_node_group["two"].aws_eks_node_group.this[0]: Still creating... [1m20s elapsed]
[1mmodule.eks.module.eks_managed_node_group["one"].aws_eks_node_group.this[0]: Creation complete after 1m27s [id=eks-cluster:node-group-1-2025021104564370540000001a][0m[0m
module.eks.module.eks_managed_node_group["two"].aws_eks_node_group.this[0]: Still creating... [1m30s elapsed]
module.eks.module.eks_managed_node_group["two"].aws_eks_node_group.this[0]: Still creating... [1m40s elapsed]
[1mmodule.eks.module.eks_managed_node_group["two"].aws_eks_node_group.this[0]: Creation complete after 1m48s [id=eks-cluster:node-group-2-20250211045643704100000018][0m[0m
[1mmodule.eks.aws_eks_addon.this["aws-ebs-csi-driver"]: Creating...[0m[0m
module.eks.aws_eks_addon.this["aws-ebs-csi-driver"]: Still creating... [10s elapsed]
module.eks.aws_eks_addon.this["aws-ebs-csi-driver"]: Still creating... [20s elapsed]
module.eks.aws_eks_addon.this["aws-ebs-csi-driver"]: Still creating... [30s elapsed]
module.eks.aws_eks_addon.this["aws-ebs-csi-driver"]: Still creating... [40s elapsed]
module.eks.aws_eks_addon.this["aws-ebs-csi-driver"]: Still creating... [50s elapsed]
[1mmodule.eks.aws_eks_addon.this["aws-ebs-csi-driver"]: Creation complete after 55s [id=eks-cluster:aws-ebs-csi-driver][0m[0m

[1m[32mApply complete! Resources: 66 added, 0 changed, 0 destroyed.[0m[0m

[1m[32mOutputs:[0m[0m
# The endpoint is censored for safety
cluster_endpoint = "https://***************************.gr7.us-west-2.eks.amazonaws.com"
cluster_name = "eks-cluster"
cluster_security_group_id = "sg-03d737ff3a8833e49"
region = "us-west-2"
